
Microsoft Visual Studio Solution File, Format Version 12.00
# Visual Studio Version 16
VisualStudioVersion = 16.0.31129.286
MinimumVisualStudioVersion = 10.0.40219.1
Project("{FAE04EC0-301F-11D3-BF4B-00C04F79EFBC}") = "SeaBattle", "SeaBattle\SeaBattle.csproj", "{0CAE670E-4CCB-49A5-A94A-4EA97EA6B1AD}"
EndProject
Global
	GlobalSection(SolutionConfigurationPlatforms) = preSolution
		Debug|Any CPU = Debug|Any CPU
		Release|Any CPU = Release|Any CPU
	EndGlobalSection
	GlobalSection(ProjectConfigurationPlatforms) = postSolution
		{0CAE670E-4CCB-49A5-A94A-4EA97EA6B1AD}.Debug|Any CPU.ActiveCfg = Debug|Any CPU
		{0CAE670E-4CCB-49A5-A94A-4EA97EA6B1AD}.Debug|Any CPU.Build.0 = Debug|Any CPU
		{0CAE670E-4CCB-49A5-A94A-4EA97EA6B1AD}.Release|Any CPU.ActiveCfg = Release|Any CPU
		{0CAE670E-4CCB-49A5-A94A-4EA97EA6B1AD}.Release|Any CPU.Build.0 = Release|Any CPU
	EndGlobalSection
	GlobalSection(SolutionProperties) = preSolution
		HideSolutionNode = FALSE
	EndGlobalSection
	GlobalSection(ExtensibilityGlobals) = postSolution
		SolutionGuid = {38B22A2E-E066-4372-A338-256263DC7388}
	EndGlobalSection
EndGlobal
